github.com/GSA/grace-tftest v0.0.4-0.20200313023112-26cef98c0666 h1:+bqmj8HQOWJMZlqAtQcBWXWTMoNtz+xZtTojBnrmh1M=
github.com/GSA/grace-tftest v0.0.4-0.20200313023112-26cef98c0666/go.mod h1:NELBSCI6T7rBeraqb75demHAgDyT/qHGgMaj2eqxM9g=
github.com/GSA/grace-tftest v0.0.4-0.20200313151616-6dd791099f13 h1:sZaRa5EQ74lDaXRWQxc67PiMliUxYZzCgbdQ/PcF/6Q=
github.com/GSA/grace-tftest v0.0.4-0.20200313151616-6dd791099f13/go.mod h1:Wc2Et4UVAP8uFDPN/JYOv/rrVdfjuwR9Gg74tFM8Eow=
github.com/GSA/grace-tftest v0.0.4-0.20200313154439-d0ab50ce5ab8 h1:QvZNnCtyL7teO1FmT9tMh4KbLar4awOfTNQVdnFWrgk=
github.com/GSA/grace-tftest v0.0.4-0.20200313154439-d0ab50ce5ab8/go.mod h1:Wc2Et4UVAP8uFDPN/JYOv/rrVdfjuwR9Gg74tFM8Eow=
github.com/GSA/grace-tftest v0.0.4-0.20200313185701-bbb6dc6bfa63 h1:gPLym6iymzfmkEPxgxQbkuD4uXoXBYxngIGtJvtgGGU=
github.com/GSA/grace-tftest v0.0.4-0.20200313185701-bbb6dc6bfa63/go.mod h1:Wc2Et4UVAP8uFDPN/JYOv/rrVdfjuwR9Gg74tFM8Eow=
github.com/GSA/grace-tftest v0.0.4-0.20200313191055-fcd14e033f52 h1:Dm7IbIZVSDfW+w2ns0VP4dmUA+JMkyUBSXQRlMh0i+M=
github.com/GSA/grace-tftest v0.0.4-0.20200313191055-fcd14e033f52/go.mod h1:Wc2Et4UVAP8uFDPN/JYOv/rrVdfjuwR9Gg74tFM8Eow=
github.com/GSA/grace-tftest v0.0.4-0.20200313193400-ac6a51587207 h1:5W2DWQ1pVYJdZ26nI4X+P3EzxvPUlcebgXUxfRZkh/U=
github.com/GSA/grace-tftest v0.0.4-0.20200313193400-ac6a51587207/go.mod h1:Wc2Et4UVAP8uFDPN/JYOv/rrVdfjuwR9Gg74tFM8Eow=
github.com/GSA/grace-tftest v0.0.4-0.20200313210050-cd7ae1bde7a0 h1:O+Ee5HTvHFwQH6Pb4bELbkTqI0hRFR+6tS3+jBNlPCE=
github.com/GSA/grace-tftest v0.0.4-0.20200313210050-cd7ae1bde7a0/go.mod h1:Wc2Et4UVAP8uFDPN/JYOv/rrVdfjuwR9Gg74tFM8Eow=
github.com/GSA/grace-tftest v0.0.4-0.20200314034831-b29bbc3e63ee h1:ovyS2KeXUvjzY1HRVLFcs7yJN6BKgVWUxV1j7Hg+DVo=
github.com/GSA/grace-tftest v0.0.4-0.20200314034831-b29bbc3e63ee/go.mod h1:Wc2Et4UVAP8uFDPN/JYOv/rrVdfjuwR9Gg74tFM8Eow=
github.com/GSA/grace-tftest v0.0.4-0.20200314035056-5aa045927f00 h1:LFJYxlKb5ciTmRDreq1Oc0MSlJTaqtwZRA9tM37LMRA=
github.com/GSA/grace-tftest v0.0.4-0.20200314035056-5aa045927f00/go.mod h1:Wc2Et4UVAP8uFDPN/JYOv/rrVdfjuwR9Gg74tFM8Eow=
github.com/GSA/grace-tftest v0.0.4-0.20200314040620-c42727ade922 h1:+bkjxJwgmd+mZPfqwlf35mpKckjixFUSKkvoZSTmrUU=
github.com/GSA/grace-tftest v0.0.4-0.20200314040620-c42727ade922/go.mod h1:Wc2Et4UVAP8uFDPN/JYOv/rrVdfjuwR9Gg74tFM8Eow=
github.com/GSA/grace-tftest v0.0.4-0.20200314042054-55643204b309 h1:CA+3QwdFcoy49eHUIvNvbpLEPtiW9+CoeKoB7glZ8cw=
github.com/GSA/grace-tftest v0.0.4-0.20200314042054-55643204b309/go.mod h1:Wc2Et4UVAP8uFDPN/JYOv/rrVdfjuwR9Gg74tFM8Eow=
github.com/GSA/grace-tftest v0.0.4 h1:AQgnd8muvQaByTJ1e0hHXnTCBM//m5bd8oZeZa8YOPg=
github.com/GSA/grace-tftest v0.0.4/go.mod h1:Wc2Et4UVAP8uFDPN/JYOv/rrVdfjuwR9Gg74tFM8Eow=
github.com/aws/aws-sdk-go v1.29.15 h1:0ms/213murpsujhsnxnNKNeVouW60aJqSd992Ks3mxs=
github.com/aws/aws-sdk-go v1.29.15/go.mod h1:1KvfttTE3SPKMpo8g2c6jL3ZKfXtFvKscTgahTma5Xg=
github.com/aws/aws-sdk-go v1.29.23 h1:wtiGLOzxAP755OfuVTDIy/NbUIYEDxbIbBEDfNhUpeU=
github.com/aws/aws-sdk-go v1.29.23/go.mod h1:1KvfttTE3SPKMpo8g2c6jL3ZKfXtFvKscTgahTma5Xg=
github.com/davecgh/go-spew v1.1.0/go.mod h1:J7Y8YcW2NihsgmVo/mv3lAwl/skON4iLHjSsI+c5H38=
github.com/davecgh/go-spew v1.1.1 h1:vj9j/u1bqnvCEfJOwUhtlOARqs3+rkHYY13jYWTU97c=
github.com/davecgh/go-spew v1.1.1/go.mod h1:J7Y8YcW2NihsgmVo/mv3lAwl/skON4iLHjSsI+c5H38=
github.com/go-sql-driver/mysql v1.5.0 h1:ozyZYNQW3x3HtqT1jira07DN2PArx2v7/mN66gGcHOs=
github.com/go-sql-driver/mysql v1.5.0/go.mod h1:DCzpHaOWr8IXmIStZouvnhqoel9Qv2LBy8hT2VhHyBg=
github.com/jmespath/go-jmespath v0.0.0-20180206201540-c2b33e8439af h1:pmfjZENx5imkbgOkpRUYLnmbU7UEFbjtDA2hxJ1ichM=
github.com/jmespath/go-jmespath v0.0.0-20180206201540-c2b33e8439af/go.mod h1:Nht3zPeWKUH0NzdCt2Blrr5ys8VGpn0CEB0cQHVjt7k=
github.com/kr/pretty v0.1.0 h1:L/CwN0zerZDmRFUapSPitk6f+Q3+0za1rQkzVuMiMFI=
github.com/kr/pretty v0.1.0/go.mod h1:dAy3ld7l9f0ibDNOQOHHMYYIIbhfbHSm3C4ZsoJORNo=
github.com/kr/pretty v0.2.0/go.mod h1:ipq/a2n7PKx3OHsz4KJII5eveXtPO4qwEXGdVfWzfnI=
github.com/kr/pty v1.1.1/go.mod h1:pFQYn66WHrOpPYNljwOMqo10TkYh1fy3cYio2l3bCsQ=
github.com/kr/text v0.1.0 h1:45sCR5RtlFHMR4UwH9sdQ5TC8v0qDQCHnXt+kaKSTVE=
github.com/kr/text v0.1.0/go.mod h1:4Jbv+DJW3UT/LiOwJeYQe1efqtUx/iVham/4vfdArNI=
github.com/pkg/errors v0.9.1 h1:FEBLx1zS214owpjy7qsBeixbURkuhQAwrK5UwLGTwt4=
github.com/pkg/errors v0.9.1/go.mod h1:bwawxfHBFNV+L2hUp1rHADufV3IMtnDRdf1r5NINEl0=
github.com/pmezard/go-difflib v1.0.0 h1:4DBwDE0NGyQoBHbLQYPwSUPoCMWR5BEzIk/f1lZbAQM=
github.com/pmezard/go-difflib v1.0.0/go.mod h1:iKH77koFhYxTK1pcRnkKkqfTogsbg7gZNVY4sRDYZ/4=
github.com/stretchr/objx v0.1.0/go.mod h1:HFkY916IF+rwdDfMAkV7OtwuqBVzrE8GR6GFx+wExME=
github.com/stretchr/testify v1.4.0/go.mod h1:j7eGeouHqKxXV5pUuKE4zz7dFj8WfuZ+81PSLYec5m4=
github.com/stretchr/testify v1.5.1 h1:nOGnQDM7FYENwehXlg/kFVnos3rEvtKTjRvOWSzb6H4=
github.com/stretchr/testify v1.5.1/go.mod h1:5W2xD1RspED5o8YsWQXVCued0rvSQ+mT+I5cxcmMvtA=
golang.org/x/crypto v0.0.0-20190308221718-c2843e01d9a2/go.mod h1:djNgcEr1/C05ACkg1iLfiJU5Ep61QUkGW8qpdssI0+w=
golang.org/x/net v0.0.0-20200202094626-16171245cfb2 h1:CCH4IOTTfewWjGOlSp+zGcjutRKlBEZQ6wTn8ozI/nI=
golang.org/x/net v0.0.0-20200202094626-16171245cfb2/go.mod h1:z5CRVTTTmAJ677TzLLGU+0bjPO0LkuOLi4/5GtJWs/s=
golang.org/x/net v0.0.0-20200226121028-0de0cce0169b/go.mod h1:z5CRVTTTmAJ677TzLLGU+0bjPO0LkuOLi4/5GtJWs/s=
golang.org/x/sys v0.0.0-20190215142949-d0b11bdaac8a/go.mod h1:STP8DvDyc/dI5b8T5hshtkjS+E42TnysNCUPdjciGhY=
golang.org/x/text v0.3.0/go.mod h1:NqM8EUOU14njkJ3fqMW+pc6Ldnwhi/IjpwHt7yyuwOQ=
golang.org/x/text v0.3.2 h1:tW2bmiBqwgJj/UpqtC8EpXEZVYOwU0yG4iWbprSVAcs=
golang.org/x/text v0.3.2/go.mod h1:bEr9sfX3Q8Zfm5fL9x+3itogRgK3+ptLWKqgva+5dAk=
golang.org/x/tools v0.0.0-20180917221912-90fa682c2a6e/go.mod h1:n7NCudcB/nEzxVGmLbDWY5pfWTLqBcC2KZ6jyYvM4mQ=
gopkg.in/check.v1 v0.0.0-20161208181325-20d25e280405/go.mod h1:Co6ibVJAznAaIkqp8huTwlJQCZ016jof/cbN4VW5Yz0=
gopkg.in/check.v1 v1.0.0-20180628173108-788fd7840127 h1:qIbj1fsPNlZgppZ+VLlY7N33q108Sa+fhmuc+sWQYwY=
gopkg.in/check.v1 v1.0.0-20180628173108-788fd7840127/go.mod h1:Co6ibVJAznAaIkqp8huTwlJQCZ016jof/cbN4VW5Yz0=
gopkg.in/check.v1 v1.0.0-20190902080502-41f04d3bba15/go.mod h1:Co6ibVJAznAaIkqp8huTwlJQCZ016jof/cbN4VW5Yz0=
gopkg.in/yaml.v2 v2.2.2/go.mod h1:hI93XBmqTisBFMUTm0b8Fm+jr3Dg1NNxqwp+5A1VGuI=
gopkg.in/yaml.v2 v2.2.4 h1:/eiJrUcujPVeJ3xlSWaiNi3uSVmDGBK1pDHUHAnao1I=
gopkg.in/yaml.v2 v2.2.4/go.mod h1:hI93XBmqTisBFMUTm0b8Fm+jr3Dg1NNxqwp+5A1VGuI=
gopkg.in/yaml.v2 v2.2.8/go.mod h1:hI93XBmqTisBFMUTm0b8Fm+jr3Dg1NNxqwp+5A1VGuI=
