# This file is autogenerated, do not edit; changes may be undone by the next 'dep ensure'.


[[projects]]
  digest = "1:f72cb64e41191cfd2298306e1966b494ed0a66cd3b709025a4e662727016fe7e"
  name = "github.com/aws/aws-lambda-go"
  packages = [
    "lambda",
    "lambda/handlertrace",
    "lambda/messages",
    "lambdacontext",
  ]
  pruneopts = "UT"
  revision = "ec56cb71d7d3e87e21d2151131d4360c25a304d8"
  version = "v1.13.0"

[[projects]]
  digest = "1:482b8096550558c43d343e2d961596e4091dffdebd1d3e1538b32a1a9dbb8070"
  name = "github.com/aws/aws-sdk-go"
  packages = [
    "aws",
    "aws/awserr",
    "aws/awsutil",
    "aws/client",
    "aws/client/metadata",
    "aws/corehandlers",
    "aws/credentials",
    "aws/credentials/ec2rolecreds",
    "aws/credentials/endpointcreds",
    "aws/credentials/processcreds",
    "aws/credentials/stscreds",
    "aws/crr",
    "aws/csm",
    "aws/defaults",
    "aws/ec2metadata",
    "aws/endpoints",
    "aws/request",
    "aws/session",
    "aws/signer/v4",
    "internal/ini",
    "internal/s3err",
    "internal/sdkio",
    "internal/sdkrand",
    "internal/sdkuri",
    "internal/shareddefaults",
    "private/protocol",
    "private/protocol/ec2query",
    "private/protocol/eventstream",
    "private/protocol/eventstream/eventstreamapi",
    "private/protocol/json/jsonutil",
    "private/protocol/jsonrpc",
    "private/protocol/query",
    "private/protocol/query/queryutil",
    "private/protocol/rest",
    "private/protocol/restjson",
    "private/protocol/restxml",
    "private/protocol/xml/xmlutil",
    "service/acm",
    "service/autoscaling",
    "service/cloudformation",
    "service/cloudwatch",
    "service/cloudwatchlogs",
    "service/configservice",
    "service/dynamodb",
    "service/ec2",
    "service/ecs",
    "service/elbv2",
    "service/glacier",
    "service/iam",
    "service/kms",
    "service/organizations",
    "service/rds",
    "service/s3",
    "service/s3/s3iface",
    "service/s3/s3manager",
    "service/secretsmanager",
    "service/sns",
    "service/sqs",
    "service/ssm",
    "service/sts",
    "service/sts/stsiface",
  ]
  pruneopts = "UT"
  revision = "e9206af388a03608a4d614a3bc031a3418071f33"
  version = "v1.23.7"

[[projects]]
  digest = "1:7b94d37d65c0445053c6f3e73090e3966c1c29127035492c349e14f25c440359"
  name = "github.com/boombuler/barcode"
  packages = [
    ".",
    "qr",
    "utils",
  ]
  pruneopts = "UT"
  revision = "3cfea5ab600ae37946be2b763b8ec2c1cf2d272d"
  version = "v1.0.0"

[[projects]]
  digest = "1:71be6302fa0607e391a2b8a2b763eb5b624ee65add3966984cb3a9465faf51df"
  name = "github.com/caarlos0/env"
  packages = ["."]
  pruneopts = "UT"
  revision = "4bd75bf16b9ef8c1383109b5e4d931bd72c3b6d0"
  version = "v6.0.0"

[[projects]]
  digest = "1:ffe9824d294da03b391f44e1ae8281281b4afc1bdaa9588c9097785e3af10cec"
  name = "github.com/davecgh/go-spew"
  packages = ["spew"]
  pruneopts = "UT"
  revision = "8991bc29aa16c548c550c7ff78260e27b9ab7c73"
  version = "v1.1.1"

[[projects]]
  digest = "1:ec6f9bf5e274c833c911923c9193867f3f18788c461f76f05f62bb1510e0ae65"
  name = "github.com/go-sql-driver/mysql"
  packages = ["."]
  pruneopts = "UT"
  revision = "72cd26f257d44c1114970e19afddcd812016007e"
  version = "v1.4.1"

[[projects]]
  digest = "1:8f8811f9be822914c3a25c6a071e93beb4c805d7b026cbf298bc577bc1cc945b"
  name = "github.com/google/uuid"
  packages = ["."]
  pruneopts = "UT"
  revision = "064e2069ce9c359c118179501254f67d7d37ba24"
  version = "0.2"

[[projects]]
  digest = "1:f9f85d489e497ea2e361caea983f172a9f877fb51147b411168a08685bf252a3"
  name = "github.com/gruntwork-io/terratest"
  packages = [
    "modules/aws",
    "modules/collections",
    "modules/customerrors",
    "modules/files",
    "modules/logger",
    "modules/random",
    "modules/retry",
    "modules/ssh",
  ]
  pruneopts = "UT"
  revision = "f8167b3905e7b41b2cd5f20a8bd7b2696e7f93dd"
  version = "v0.18.4"

[[projects]]
  digest = "1:bb81097a5b62634f3e9fec1014657855610c82d19b9a40c17612e32651e35dca"
  name = "github.com/jmespath/go-jmespath"
  packages = ["."]
  pruneopts = "UT"
  revision = "c2b33e84"

[[projects]]
  digest = "1:0028cb19b2e4c3112225cd871870f2d9cf49b9b4276531f03438a88e94be86fe"
  name = "github.com/pmezard/go-difflib"
  packages = ["difflib"]
  pruneopts = "UT"
  revision = "792786c7400a136282c1664665ae0a8db921c6c2"
  version = "v1.0.0"

[[projects]]
  digest = "1:3e5eb9af2330c7a46d64592800813c33adf94305ce53a3fae42191ea18e520e6"
  name = "github.com/pquerna/otp"
  packages = [
    ".",
    "hotp",
    "totp",
  ]
  pruneopts = "UT"
  revision = "43bebefda392017900e7a7b237b4c914c6a55b50"
  version = "v1.2.0"

[[projects]]
  digest = "1:99d32780e5238c2621fff621123997c3e3cca96db8be13179013aea77dfab551"
  name = "github.com/stretchr/testify"
  packages = [
    "assert",
    "require",
  ]
  pruneopts = "UT"
  revision = "221dbe5ed46703ee255b1da0dec05086f5035f62"
  version = "v1.4.0"

[[projects]]
  digest = "1:e60f2f1cd2e8dfdea48c2440c303d103266e754ab1d8b75796a4e4caddb7a68c"
  name = "github.com/tealeg/xlsx"
  packages = ["."]
  pruneopts = "UT"
  revision = "8be35264fa75a1bbe954ce51eba04f273e2c59e5"
  version = "v1.0.3"

[[projects]]
  branch = "master"
  digest = "1:4d40045409ff4ad024dc87c28ea31ff4207b574764e0b8f6ee6dcbb3b420285a"
  name = "golang.org/x/crypto"
  packages = [
    "curve25519",
    "ed25519",
    "ed25519/internal/edwards25519",
    "internal/chacha20",
    "internal/subtle",
    "poly1305",
    "ssh",
    "ssh/agent",
  ]
  pruneopts = "UT"
  revision = "60c769a6c58655dab1b9adac0d58967dd517cfba"

[[projects]]
  branch = "master"
  digest = "1:76ee51c3f468493aff39dbacc401e8831fbb765104cbf613b89bef01cf4bad70"
  name = "golang.org/x/net"
  packages = ["context"]
  pruneopts = "UT"
  revision = "74dc4d7220e7acc4e100824340f3e66577424772"

[[projects]]
  branch = "master"
  digest = "1:9289797869517c73400e7b5a93beefbfc86e06f56e3ab03f38fb0d575e685277"
  name = "golang.org/x/sys"
  packages = ["cpu"]
  pruneopts = "UT"
  revision = "fde4db37ae7ad8191b03d30d27f258b5291ae4e3"

[[projects]]
  digest = "1:c25289f43ac4a68d88b02245742347c94f1e108c534dda442188015ff80669b3"
  name = "google.golang.org/appengine"
  packages = ["cloudsql"]
  pruneopts = "UT"
  revision = "b2f4a3cf3c67576a2ee09e1fe62656a5086ce880"
  version = "v1.6.1"

[[projects]]
  digest = "1:4d2e5a73dc1500038e504a8d78b986630e3626dc027bc030ba5c75da257cdb96"
  name = "gopkg.in/yaml.v2"
  packages = ["."]
  pruneopts = "UT"
  revision = "51d6538a90f86fe93ac480b35f37b2be17fef232"
  version = "v2.2.2"

[solve-meta]
  analyzer-name = "dep"
  analyzer-version = 1
  input-imports = [
    "github.com/aws/aws-lambda-go/lambda",
    "github.com/aws/aws-sdk-go/aws",
    "github.com/aws/aws-sdk-go/aws/awserr",
    "github.com/aws/aws-sdk-go/aws/client",
    "github.com/aws/aws-sdk-go/aws/credentials",
    "github.com/aws/aws-sdk-go/aws/credentials/stscreds",
    "github.com/aws/aws-sdk-go/aws/session",
    "github.com/aws/aws-sdk-go/service/cloudformation",
    "github.com/aws/aws-sdk-go/service/cloudwatch",
    "github.com/aws/aws-sdk-go/service/configservice",
    "github.com/aws/aws-sdk-go/service/ec2",
    "github.com/aws/aws-sdk-go/service/elbv2",
    "github.com/aws/aws-sdk-go/service/glacier",
    "github.com/aws/aws-sdk-go/service/iam",
    "github.com/aws/aws-sdk-go/service/kms",
    "github.com/aws/aws-sdk-go/service/organizations",
    "github.com/aws/aws-sdk-go/service/rds",
    "github.com/aws/aws-sdk-go/service/s3",
    "github.com/aws/aws-sdk-go/service/s3/s3manager",
    "github.com/aws/aws-sdk-go/service/secretsmanager",
    "github.com/aws/aws-sdk-go/service/sns",
    "github.com/aws/aws-sdk-go/service/ssm",
    "github.com/aws/aws-sdk-go/service/sts",
    "github.com/caarlos0/env",
    "github.com/gruntwork-io/terratest/modules/aws",
    "github.com/tealeg/xlsx",
  ]
  solver-name = "gps-cdcl"
  solver-version = 1
